
Microsoft Visual Studio Solution File, Format Version 12.00
# Visual Studio Version 17
VisualStudioVersion = 17.13.35913.81
MinimumVisualStudioVersion = 10.0.40219.1
Project("{2150E333-8FDC-42A3-9474-1A3956D46DE8}") = "Reflection", "Reflection", "{4AEFA1A0-0E78-32D8-7F79-B3573092D8DF}"
EndProject
Project("{FAE04EC0-301F-11D3-BF4B-00C04F79EFBC}") = "ReflectionTask1", "Reflection\ReflectionTask1\ReflectionTask1.csproj", "{9FA7DF13-A8C7-4AE6-8850-23A55D086A95}"
EndProject
Project("{FAE04EC0-301F-11D3-BF4B-00C04F79EFBC}") = "ReflectionTask2", "Reflection\ReflectionTask2\ReflectionTask2.csproj", "{8907689E-F8CA-4478-A7AB-14A1D3CFBC38}"
EndProject
Project("{FAE04EC0-301F-11D3-BF4B-00C04F79EFBC}") = "ReflectionTask3", "Reflection\ReflectionTask3\ReflectionTask3.csproj", "{70325945-D834-4709-A67E-39D78A88CAC3}"
EndProject
Project("{FAE04EC0-301F-11D3-BF4B-00C04F79EFBC}") = "ReflectionLibrary", "Reflection\ReflectionLibrary\ReflectionLibrary.csproj", "{E4B86F9E-86C8-465A-9BD1-F6FE8578EB05}"
EndProject
Project("{2150E333-8FDC-42A3-9474-1A3956D46DE8}") = "Serialization", "Serialization", "{5F325649-0B45-EE90-6A18-22336E597486}"
EndProject
Project("{FAE04EC0-301F-11D3-BF4B-00C04F79EFBC}") = "SerializationTask1", "Serialization\SerializationTask1\SerializationTask1.csproj", "{C9329D5E-35DF-477E-928E-07F008A088A1}"
EndProject
Project("{FAE04EC0-301F-11D3-BF4B-00C04F79EFBC}") = "SerializationTask2", "Serialization\SerializationTask2\SerializationTask2.csproj", "{18C71E32-9AAE-48A7-BB89-FF5EDC8B4163}"
EndProject
Project("{FAE04EC0-301F-11D3-BF4B-00C04F79EFBC}") = "SerializationTask3", "Serialization\SerializationTask3\SerializationTask3.csproj", "{BC4FBF00-ACCD-46C7-91F0-7121D1FDA8EB}"
EndProject
Project("{FAE04EC0-301F-11D3-BF4B-00C04F79EFBC}") = "SerializationModels", "Serialization\SerializationModels\SerializationModels.csproj", "{329A5A69-FB7E-42DB-828C-0A1B7CAEFFF6}"
EndProject
Project("{FAE04EC0-301F-11D3-BF4B-00C04F79EFBC}") = "SerializationServices", "Serialization\SerializationServices\SerializationServices.csproj", "{452E2E06-FB62-4D8B-845E-A129396BB937}"
EndProject
Global
	GlobalSection(SolutionConfigurationPlatforms) = preSolution
		Debug|Any CPU = Debug|Any CPU
		Debug|x64 = Debug|x64
		Debug|x86 = Debug|x86
		Release|Any CPU = Release|Any CPU
		Release|x64 = Release|x64
		Release|x86 = Release|x86
	EndGlobalSection
	GlobalSection(ProjectConfigurationPlatforms) = postSolution
		{9FA7DF13-A8C7-4AE6-8850-23A55D086A95}.Debug|Any CPU.ActiveCfg = Debug|Any CPU
		{9FA7DF13-A8C7-4AE6-8850-23A55D086A95}.Debug|Any CPU.Build.0 = Debug|Any CPU
		{9FA7DF13-A8C7-4AE6-8850-23A55D086A95}.Debug|x64.ActiveCfg = Debug|Any CPU
		{9FA7DF13-A8C7-4AE6-8850-23A55D086A95}.Debug|x64.Build.0 = Debug|Any CPU
		{9FA7DF13-A8C7-4AE6-8850-23A55D086A95}.Debug|x86.ActiveCfg = Debug|Any CPU
		{9FA7DF13-A8C7-4AE6-8850-23A55D086A95}.Debug|x86.Build.0 = Debug|Any CPU
		{9FA7DF13-A8C7-4AE6-8850-23A55D086A95}.Release|Any CPU.ActiveCfg = Release|Any CPU
		{9FA7DF13-A8C7-4AE6-8850-23A55D086A95}.Release|Any CPU.Build.0 = Release|Any CPU
		{9FA7DF13-A8C7-4AE6-8850-23A55D086A95}.Release|x64.ActiveCfg = Release|Any CPU
		{9FA7DF13-A8C7-4AE6-8850-23A55D086A95}.Release|x64.Build.0 = Release|Any CPU
		{9FA7DF13-A8C7-4AE6-8850-23A55D086A95}.Release|x86.ActiveCfg = Release|Any CPU
		{9FA7DF13-A8C7-4AE6-8850-23A55D086A95}.Release|x86.Build.0 = Release|Any CPU
		{8907689E-F8CA-4478-A7AB-14A1D3CFBC38}.Debug|Any CPU.ActiveCfg = Debug|Any CPU
		{8907689E-F8CA-4478-A7AB-14A1D3CFBC38}.Debug|Any CPU.Build.0 = Debug|Any CPU
		{8907689E-F8CA-4478-A7AB-14A1D3CFBC38}.Debug|x64.ActiveCfg = Debug|Any CPU
		{8907689E-F8CA-4478-A7AB-14A1D3CFBC38}.Debug|x64.Build.0 = Debug|Any CPU
		{8907689E-F8CA-4478-A7AB-14A1D3CFBC38}.Debug|x86.ActiveCfg = Debug|Any CPU
		{8907689E-F8CA-4478-A7AB-14A1D3CFBC38}.Debug|x86.Build.0 = Debug|Any CPU
		{8907689E-F8CA-4478-A7AB-14A1D3CFBC38}.Release|Any CPU.ActiveCfg = Release|Any CPU
		{8907689E-F8CA-4478-A7AB-14A1D3CFBC38}.Release|Any CPU.Build.0 = Release|Any CPU
		{8907689E-F8CA-4478-A7AB-14A1D3CFBC38}.Release|x64.ActiveCfg = Release|Any CPU
		{8907689E-F8CA-4478-A7AB-14A1D3CFBC38}.Release|x64.Build.0 = Release|Any CPU
		{8907689E-F8CA-4478-A7AB-14A1D3CFBC38}.Release|x86.ActiveCfg = Release|Any CPU
		{8907689E-F8CA-4478-A7AB-14A1D3CFBC38}.Release|x86.Build.0 = Release|Any CPU
		{70325945-D834-4709-A67E-39D78A88CAC3}.Debug|Any CPU.ActiveCfg = Debug|Any CPU
		{70325945-D834-4709-A67E-39D78A88CAC3}.Debug|Any CPU.Build.0 = Debug|Any CPU
		{70325945-D834-4709-A67E-39D78A88CAC3}.Debug|x64.ActiveCfg = Debug|Any CPU
		{70325945-D834-4709-A67E-39D78A88CAC3}.Debug|x64.Build.0 = Debug|Any CPU
		{70325945-D834-4709-A67E-39D78A88CAC3}.Debug|x86.ActiveCfg = Debug|Any CPU
		{70325945-D834-4709-A67E-39D78A88CAC3}.Debug|x86.Build.0 = Debug|Any CPU
		{70325945-D834-4709-A67E-39D78A88CAC3}.Release|Any CPU.ActiveCfg = Release|Any CPU
		{70325945-D834-4709-A67E-39D78A88CAC3}.Release|Any CPU.Build.0 = Release|Any CPU
		{70325945-D834-4709-A67E-39D78A88CAC3}.Release|x64.ActiveCfg = Release|Any CPU
		{70325945-D834-4709-A67E-39D78A88CAC3}.Release|x64.Build.0 = Release|Any CPU
		{70325945-D834-4709-A67E-39D78A88CAC3}.Release|x86.ActiveCfg = Release|Any CPU
		{70325945-D834-4709-A67E-39D78A88CAC3}.Release|x86.Build.0 = Release|Any CPU
		{E4B86F9E-86C8-465A-9BD1-F6FE8578EB05}.Debug|Any CPU.ActiveCfg = Debug|Any CPU
		{E4B86F9E-86C8-465A-9BD1-F6FE8578EB05}.Debug|Any CPU.Build.0 = Debug|Any CPU
		{E4B86F9E-86C8-465A-9BD1-F6FE8578EB05}.Debug|x64.ActiveCfg = Debug|Any CPU
		{E4B86F9E-86C8-465A-9BD1-F6FE8578EB05}.Debug|x64.Build.0 = Debug|Any CPU
		{E4B86F9E-86C8-465A-9BD1-F6FE8578EB05}.Debug|x86.ActiveCfg = Debug|Any CPU
		{E4B86F9E-86C8-465A-9BD1-F6FE8578EB05}.Debug|x86.Build.0 = Debug|Any CPU
		{E4B86F9E-86C8-465A-9BD1-F6FE8578EB05}.Release|Any CPU.ActiveCfg = Release|Any CPU
		{E4B86F9E-86C8-465A-9BD1-F6FE8578EB05}.Release|Any CPU.Build.0 = Release|Any CPU
		{E4B86F9E-86C8-465A-9BD1-F6FE8578EB05}.Release|x64.ActiveCfg = Release|Any CPU
		{E4B86F9E-86C8-465A-9BD1-F6FE8578EB05}.Release|x64.Build.0 = Release|Any CPU
		{E4B86F9E-86C8-465A-9BD1-F6FE8578EB05}.Release|x86.ActiveCfg = Release|Any CPU
		{E4B86F9E-86C8-465A-9BD1-F6FE8578EB05}.Release|x86.Build.0 = Release|Any CPU
		{C9329D5E-35DF-477E-928E-07F008A088A1}.Debug|Any CPU.ActiveCfg = Debug|Any CPU
		{C9329D5E-35DF-477E-928E-07F008A088A1}.Debug|Any CPU.Build.0 = Debug|Any CPU
		{C9329D5E-35DF-477E-928E-07F008A088A1}.Debug|x64.ActiveCfg = Debug|Any CPU
		{C9329D5E-35DF-477E-928E-07F008A088A1}.Debug|x64.Build.0 = Debug|Any CPU
		{C9329D5E-35DF-477E-928E-07F008A088A1}.Debug|x86.ActiveCfg = Debug|Any CPU
		{C9329D5E-35DF-477E-928E-07F008A088A1}.Debug|x86.Build.0 = Debug|Any CPU
		{C9329D5E-35DF-477E-928E-07F008A088A1}.Release|Any CPU.ActiveCfg = Release|Any CPU
		{C9329D5E-35DF-477E-928E-07F008A088A1}.Release|Any CPU.Build.0 = Release|Any CPU
		{C9329D5E-35DF-477E-928E-07F008A088A1}.Release|x64.ActiveCfg = Release|Any CPU
		{C9329D5E-35DF-477E-928E-07F008A088A1}.Release|x64.Build.0 = Release|Any CPU
		{C9329D5E-35DF-477E-928E-07F008A088A1}.Release|x86.ActiveCfg = Release|Any CPU
		{C9329D5E-35DF-477E-928E-07F008A088A1}.Release|x86.Build.0 = Release|Any CPU
		{18C71E32-9AAE-48A7-BB89-FF5EDC8B4163}.Debug|Any CPU.ActiveCfg = Debug|Any CPU
		{18C71E32-9AAE-48A7-BB89-FF5EDC8B4163}.Debug|Any CPU.Build.0 = Debug|Any CPU
		{18C71E32-9AAE-48A7-BB89-FF5EDC8B4163}.Debug|x64.ActiveCfg = Debug|Any CPU
		{18C71E32-9AAE-48A7-BB89-FF5EDC8B4163}.Debug|x64.Build.0 = Debug|Any CPU
		{18C71E32-9AAE-48A7-BB89-FF5EDC8B4163}.Debug|x86.ActiveCfg = Debug|Any CPU
		{18C71E32-9AAE-48A7-BB89-FF5EDC8B4163}.Debug|x86.Build.0 = Debug|Any CPU
		{18C71E32-9AAE-48A7-BB89-FF5EDC8B4163}.Release|Any CPU.ActiveCfg = Release|Any CPU
		{18C71E32-9AAE-48A7-BB89-FF5EDC8B4163}.Release|Any CPU.Build.0 = Release|Any CPU
		{18C71E32-9AAE-48A7-BB89-FF5EDC8B4163}.Release|x64.ActiveCfg = Release|Any CPU
		{18C71E32-9AAE-48A7-BB89-FF5EDC8B4163}.Release|x64.Build.0 = Release|Any CPU
		{18C71E32-9AAE-48A7-BB89-FF5EDC8B4163}.Release|x86.ActiveCfg = Release|Any CPU
		{18C71E32-9AAE-48A7-BB89-FF5EDC8B4163}.Release|x86.Build.0 = Release|Any CPU
		{BC4FBF00-ACCD-46C7-91F0-7121D1FDA8EB}.Debug|Any CPU.ActiveCfg = Debug|Any CPU
		{BC4FBF00-ACCD-46C7-91F0-7121D1FDA8EB}.Debug|Any CPU.Build.0 = Debug|Any CPU
		{BC4FBF00-ACCD-46C7-91F0-7121D1FDA8EB}.Debug|x64.ActiveCfg = Debug|Any CPU
		{BC4FBF00-ACCD-46C7-91F0-7121D1FDA8EB}.Debug|x64.Build.0 = Debug|Any CPU
		{BC4FBF00-ACCD-46C7-91F0-7121D1FDA8EB}.Debug|x86.ActiveCfg = Debug|Any CPU
		{BC4FBF00-ACCD-46C7-91F0-7121D1FDA8EB}.Debug|x86.Build.0 = Debug|Any CPU
		{BC4FBF00-ACCD-46C7-91F0-7121D1FDA8EB}.Release|Any CPU.ActiveCfg = Release|Any CPU
		{BC4FBF00-ACCD-46C7-91F0-7121D1FDA8EB}.Release|Any CPU.Build.0 = Release|Any CPU
		{BC4FBF00-ACCD-46C7-91F0-7121D1FDA8EB}.Release|x64.ActiveCfg = Release|Any CPU
		{BC4FBF00-ACCD-46C7-91F0-7121D1FDA8EB}.Release|x64.Build.0 = Release|Any CPU
		{BC4FBF00-ACCD-46C7-91F0-7121D1FDA8EB}.Release|x86.ActiveCfg = Release|Any CPU
		{BC4FBF00-ACCD-46C7-91F0-7121D1FDA8EB}.Release|x86.Build.0 = Release|Any CPU
		{329A5A69-FB7E-42DB-828C-0A1B7CAEFFF6}.Debug|Any CPU.ActiveCfg = Debug|Any CPU
		{329A5A69-FB7E-42DB-828C-0A1B7CAEFFF6}.Debug|Any CPU.Build.0 = Debug|Any CPU
		{329A5A69-FB7E-42DB-828C-0A1B7CAEFFF6}.Debug|x64.ActiveCfg = Debug|Any CPU
		{329A5A69-FB7E-42DB-828C-0A1B7CAEFFF6}.Debug|x64.Build.0 = Debug|Any CPU
		{329A5A69-FB7E-42DB-828C-0A1B7CAEFFF6}.Debug|x86.ActiveCfg = Debug|Any CPU
		{329A5A69-FB7E-42DB-828C-0A1B7CAEFFF6}.Debug|x86.Build.0 = Debug|Any CPU
		{329A5A69-FB7E-42DB-828C-0A1B7CAEFFF6}.Release|Any CPU.ActiveCfg = Release|Any CPU
		{329A5A69-FB7E-42DB-828C-0A1B7CAEFFF6}.Release|Any CPU.Build.0 = Release|Any CPU
		{329A5A69-FB7E-42DB-828C-0A1B7CAEFFF6}.Release|x64.ActiveCfg = Release|Any CPU
		{329A5A69-FB7E-42DB-828C-0A1B7CAEFFF6}.Release|x64.Build.0 = Release|Any CPU
		{329A5A69-FB7E-42DB-828C-0A1B7CAEFFF6}.Release|x86.ActiveCfg = Release|Any CPU
		{329A5A69-FB7E-42DB-828C-0A1B7CAEFFF6}.Release|x86.Build.0 = Release|Any CPU
		{452E2E06-FB62-4D8B-845E-A129396BB937}.Debug|Any CPU.ActiveCfg = Debug|Any CPU
		{452E2E06-FB62-4D8B-845E-A129396BB937}.Debug|Any CPU.Build.0 = Debug|Any CPU
		{452E2E06-FB62-4D8B-845E-A129396BB937}.Debug|x64.ActiveCfg = Debug|Any CPU
		{452E2E06-FB62-4D8B-845E-A129396BB937}.Debug|x64.Build.0 = Debug|Any CPU
		{452E2E06-FB62-4D8B-845E-A129396BB937}.Debug|x86.ActiveCfg = Debug|Any CPU
		{452E2E06-FB62-4D8B-845E-A129396BB937}.Debug|x86.Build.0 = Debug|Any CPU
		{452E2E06-FB62-4D8B-845E-A129396BB937}.Release|Any CPU.ActiveCfg = Release|Any CPU
		{452E2E06-FB62-4D8B-845E-A129396BB937}.Release|Any CPU.Build.0 = Release|Any CPU
		{452E2E06-FB62-4D8B-845E-A129396BB937}.Release|x64.ActiveCfg = Release|Any CPU
		{452E2E06-FB62-4D8B-845E-A129396BB937}.Release|x64.Build.0 = Release|Any CPU
		{452E2E06-FB62-4D8B-845E-A129396BB937}.Release|x86.ActiveCfg = Release|Any CPU
		{452E2E06-FB62-4D8B-845E-A129396BB937}.Release|x86.Build.0 = Release|Any CPU
	EndGlobalSection
	GlobalSection(SolutionProperties) = preSolution
		HideSolutionNode = FALSE
	EndGlobalSection
	GlobalSection(NestedProjects) = preSolution
		{9FA7DF13-A8C7-4AE6-8850-23A55D086A95} = {4AEFA1A0-0E78-32D8-7F79-B3573092D8DF}
		{8907689E-F8CA-4478-A7AB-14A1D3CFBC38} = {4AEFA1A0-0E78-32D8-7F79-B3573092D8DF}
		{70325945-D834-4709-A67E-39D78A88CAC3} = {4AEFA1A0-0E78-32D8-7F79-B3573092D8DF}
		{E4B86F9E-86C8-465A-9BD1-F6FE8578EB05} = {4AEFA1A0-0E78-32D8-7F79-B3573092D8DF}
		{C9329D5E-35DF-477E-928E-07F008A088A1} = {5F325649-0B45-EE90-6A18-22336E597486}
		{18C71E32-9AAE-48A7-BB89-FF5EDC8B4163} = {5F325649-0B45-EE90-6A18-22336E597486}
		{BC4FBF00-ACCD-46C7-91F0-7121D1FDA8EB} = {5F325649-0B45-EE90-6A18-22336E597486}
		{329A5A69-FB7E-42DB-828C-0A1B7CAEFFF6} = {5F325649-0B45-EE90-6A18-22336E597486}
		{452E2E06-FB62-4D8B-845E-A129396BB937} = {5F325649-0B45-EE90-6A18-22336E597486}
	EndGlobalSection
	GlobalSection(ExtensibilityGlobals) = postSolution
		SolutionGuid = {70F186F0-6625-421A-8042-D05B651079F1}
	EndGlobalSection
EndGlobal
